
Microsoft Visual Studio Solution File, Format Version 12.00
# Visual Studio Version 17
VisualStudioVersion = 17.9.34701.34
MinimumVisualStudioVersion = 10.0.40219.1
Project("{9A19103F-16F7-4668-BE54-9A1E7A4F7556}") = "swCrypter", "swCrypter.csproj", "{D5FD2867-7102-4498-98BB-94B60A9E7D75}"
EndProject
Project("{54435603-DBB4-11D2-8724-00A0C9A8B90C}") = "Setup", "..\Setup\Setup.vdproj", "{09F4829B-8204-405B-83D7-9FA82FAC2664}"
EndProject
Global
	GlobalSection(SolutionConfigurationPlatforms) = preSolution
		Debug|Any CPU = Debug|Any CPU
		Release|Any CPU = Release|Any CPU
	EndGlobalSection
	GlobalSection(ProjectConfigurationPlatforms) = postSolution
		{D5FD2867-7102-4498-98BB-94B60A9E7D75}.Debug|Any CPU.ActiveCfg = Debug|Any CPU
		{D5FD2867-7102-4498-98BB-94B60A9E7D75}.Debug|Any CPU.Build.0 = Debug|Any CPU
		{D5FD2867-7102-4498-98BB-94B60A9E7D75}.Release|Any CPU.ActiveCfg = Release|Any CPU
		{D5FD2867-7102-4498-98BB-94B60A9E7D75}.Release|Any CPU.Build.0 = Release|Any CPU
		{09F4829B-8204-405B-83D7-9FA82FAC2664}.Debug|Any CPU.ActiveCfg = Debug
		{09F4829B-8204-405B-83D7-9FA82FAC2664}.Release|Any CPU.ActiveCfg = Release
	EndGlobalSection
	GlobalSection(SolutionProperties) = preSolution
		HideSolutionNode = FALSE
	EndGlobalSection
	GlobalSection(ExtensibilityGlobals) = postSolution
		SolutionGuid = {2B6C1BAB-B805-42F7-BDC7-4128F1C2DCD2}
	EndGlobalSection
EndGlobal
